
Microsoft Visual Studio Solution File, Format Version 12.00
# Visual Studio 15
VisualStudioVersion = 15.0.28010.2048
MinimumVisualStudioVersion = 10.0.40219.1
Project("{FAE04EC0-301F-11D3-BF4B-00C04F79EFBC}") = "Numbers N1", "Numbers N1\Numbers N1.csproj", "{A48B65CC-E8B0-4F13-9602-7A0A773C6CAD}"
EndProject
Project("{FAE04EC0-301F-11D3-BF4B-00C04F79EFBC}") = "Numbers 1N with Step 3", "Numbers 1N with Step 3\Numbers 1N with Step 3.csproj", "{33F8300E-D876-4C3C-8D49-102394AEBC16}"
EndProject
Project("{FAE04EC0-301F-11D3-BF4B-00C04F79EFBC}") = "Even Powers of 2", "Even Powers of 2\Even Powers of 2.csproj", "{CAF39092-4D2C-4654-BFF4-537E4302EC08}"
EndProject
Project("{FAE04EC0-301F-11D3-BF4B-00C04F79EFBC}") = "Building", "Building\Building.csproj", "{E9544A10-7015-44DE-9E79-2851AA217BDE}"
EndProject
Project("{FAE04EC0-301F-11D3-BF4B-00C04F79EFBC}") = "Combination", "Combination\Combination.csproj", "{F946CB86-B36A-452D-B45C-8643657C2144}"
EndProject
Project("{FAE04EC0-301F-11D3-BF4B-00C04F79EFBC}") = "Magic Number", "Magic Number\Magic Number.csproj", "{570BDD0D-9B35-46FA-A0EE-363E07F97AD9}"
EndProject
Project("{FAE04EC0-301F-11D3-BF4B-00C04F79EFBC}") = "Travelling", "Travelling\Travelling.csproj", "{99D04C07-4F3B-48BE-A521-BF16F83D5FAE}"
EndProject
Project("{FAE04EC0-301F-11D3-BF4B-00C04F79EFBC}") = "Name war", "Name war\Name war.csproj", "{03EB95CF-28DA-4938-B072-B81B90C2510B}"
EndProject
Project("{FAE04EC0-301F-11D3-BF4B-00C04F79EFBC}") = "Cookie factory", "Cookie factory\Cookie factory.csproj", "{A88D1500-D79D-4DD1-8FAE-6498C99CA627}"
EndProject
Project("{FAE04EC0-301F-11D3-BF4B-00C04F79EFBC}") = "Train The Trainers", "Train The Trainers\Train The Trainers.csproj", "{793C417D-8980-4BE6-807D-341EBE134031}"
EndProject
Project("{FAE04EC0-301F-11D3-BF4B-00C04F79EFBC}") = "Coding", "Coding\Coding.csproj", "{167D51AE-64CA-43C3-95E9-C891AEA423B5}"
EndProject
Project("{FAE04EC0-301F-11D3-BF4B-00C04F79EFBC}") = "Coding2", "Coding2\Coding2.csproj", "{6C78A559-36DE-4E59-904D-231C4017BA5C}"
EndProject
Project("{FAE04EC0-301F-11D3-BF4B-00C04F79EFBC}") = "Matrix", "Matrix\Matrix.csproj", "{8AE38556-6222-4D46-95F3-5D1C1266557B}"
EndProject
Project("{FAE04EC0-301F-11D3-BF4B-00C04F79EFBC}") = "Number Pyramid", "Number Pyramid\Number Pyramid.csproj", "{17D15C93-AE8D-44D6-AAFC-562A1277AEFE}"
EndProject
Project("{FAE04EC0-301F-11D3-BF4B-00C04F79EFBC}") = "Number Table", "Number Table\Number Table.csproj", "{5F0AA025-F9BC-49D3-8730-AFC2CB983262}"
EndProject
Project("{FAE04EC0-301F-11D3-BF4B-00C04F79EFBC}") = "Equal Sums Even Odd Position", "Equal Sums Even Odd Position\Equal Sums Even Odd Position.csproj", "{8AB3E2CE-1F03-4876-B1C2-A14231D41572}"
EndProject
Project("{FAE04EC0-301F-11D3-BF4B-00C04F79EFBC}") = "Equal Sums Left Right Position", "Equal Sums Left Right Position\Equal Sums Left Right Position.csproj", "{0682B288-876F-47C3-AC01-9E2060191EBE}"
EndProject
Project("{FAE04EC0-301F-11D3-BF4B-00C04F79EFBC}") = "Sum Prime Non Prime", "Sum Prime Non Prime\Sum Prime Non Prime.csproj", "{B7CCE817-B948-42B3-96FA-3AE59833C704}"
EndProject
Project("{FAE04EC0-301F-11D3-BF4B-00C04F79EFBC}") = "Fishing", "Fishing\Fishing.csproj", "{2D274E71-341A-47DA-963B-04BB7BF24781}"
EndProject
Project("{FAE04EC0-301F-11D3-BF4B-00C04F79EFBC}") = "Password Generator", "Password Generator\Password Generator.csproj", "{AA133A4A-0F58-47CD-B904-BBF8169B9637}"
EndProject
Project("{FAE04EC0-301F-11D3-BF4B-00C04F79EFBC}") = "Special Numbers", "Special Numbers\Special Numbers.csproj", "{A99A56F7-95D7-4643-A5E8-1DE07F2B1F05}"
EndProject
Global
	GlobalSection(SolutionConfigurationPlatforms) = preSolution
		Debug|Any CPU = Debug|Any CPU
		Release|Any CPU = Release|Any CPU
	EndGlobalSection
	GlobalSection(ProjectConfigurationPlatforms) = postSolution
		{A48B65CC-E8B0-4F13-9602-7A0A773C6CAD}.Debug|Any CPU.ActiveCfg = Debug|Any CPU
		{A48B65CC-E8B0-4F13-9602-7A0A773C6CAD}.Debug|Any CPU.Build.0 = Debug|Any CPU
		{A48B65CC-E8B0-4F13-9602-7A0A773C6CAD}.Release|Any CPU.ActiveCfg = Release|Any CPU
		{A48B65CC-E8B0-4F13-9602-7A0A773C6CAD}.Release|Any CPU.Build.0 = Release|Any CPU
		{33F8300E-D876-4C3C-8D49-102394AEBC16}.Debug|Any CPU.ActiveCfg = Debug|Any CPU
		{33F8300E-D876-4C3C-8D49-102394AEBC16}.Debug|Any CPU.Build.0 = Debug|Any CPU
		{33F8300E-D876-4C3C-8D49-102394AEBC16}.Release|Any CPU.ActiveCfg = Release|Any CPU
		{33F8300E-D876-4C3C-8D49-102394AEBC16}.Release|Any CPU.Build.0 = Release|Any CPU
		{CAF39092-4D2C-4654-BFF4-537E4302EC08}.Debug|Any CPU.ActiveCfg = Debug|Any CPU
		{CAF39092-4D2C-4654-BFF4-537E4302EC08}.Debug|Any CPU.Build.0 = Debug|Any CPU
		{CAF39092-4D2C-4654-BFF4-537E4302EC08}.Release|Any CPU.ActiveCfg = Release|Any CPU
		{CAF39092-4D2C-4654-BFF4-537E4302EC08}.Release|Any CPU.Build.0 = Release|Any CPU
		{E9544A10-7015-44DE-9E79-2851AA217BDE}.Debug|Any CPU.ActiveCfg = Debug|Any CPU
		{E9544A10-7015-44DE-9E79-2851AA217BDE}.Debug|Any CPU.Build.0 = Debug|Any CPU
		{E9544A10-7015-44DE-9E79-2851AA217BDE}.Release|Any CPU.ActiveCfg = Release|Any CPU
		{E9544A10-7015-44DE-9E79-2851AA217BDE}.Release|Any CPU.Build.0 = Release|Any CPU
		{F946CB86-B36A-452D-B45C-8643657C2144}.Debug|Any CPU.ActiveCfg = Debug|Any CPU
		{F946CB86-B36A-452D-B45C-8643657C2144}.Debug|Any CPU.Build.0 = Debug|Any CPU
		{F946CB86-B36A-452D-B45C-8643657C2144}.Release|Any CPU.ActiveCfg = Release|Any CPU
		{F946CB86-B36A-452D-B45C-8643657C2144}.Release|Any CPU.Build.0 = Release|Any CPU
		{570BDD0D-9B35-46FA-A0EE-363E07F97AD9}.Debug|Any CPU.ActiveCfg = Debug|Any CPU
		{570BDD0D-9B35-46FA-A0EE-363E07F97AD9}.Debug|Any CPU.Build.0 = Debug|Any CPU
		{570BDD0D-9B35-46FA-A0EE-363E07F97AD9}.Release|Any CPU.ActiveCfg = Release|Any CPU
		{570BDD0D-9B35-46FA-A0EE-363E07F97AD9}.Release|Any CPU.Build.0 = Release|Any CPU
		{99D04C07-4F3B-48BE-A521-BF16F83D5FAE}.Debug|Any CPU.ActiveCfg = Debug|Any CPU
		{99D04C07-4F3B-48BE-A521-BF16F83D5FAE}.Debug|Any CPU.Build.0 = Debug|Any CPU
		{99D04C07-4F3B-48BE-A521-BF16F83D5FAE}.Release|Any CPU.ActiveCfg = Release|Any CPU
		{99D04C07-4F3B-48BE-A521-BF16F83D5FAE}.Release|Any CPU.Build.0 = Release|Any CPU
		{03EB95CF-28DA-4938-B072-B81B90C2510B}.Debug|Any CPU.ActiveCfg = Debug|Any CPU
		{03EB95CF-28DA-4938-B072-B81B90C2510B}.Debug|Any CPU.Build.0 = Debug|Any CPU
		{03EB95CF-28DA-4938-B072-B81B90C2510B}.Release|Any CPU.ActiveCfg = Release|Any CPU
		{03EB95CF-28DA-4938-B072-B81B90C2510B}.Release|Any CPU.Build.0 = Release|Any CPU
		{A88D1500-D79D-4DD1-8FAE-6498C99CA627}.Debug|Any CPU.ActiveCfg = Debug|Any CPU
		{A88D1500-D79D-4DD1-8FAE-6498C99CA627}.Debug|Any CPU.Build.0 = Debug|Any CPU
		{A88D1500-D79D-4DD1-8FAE-6498C99CA627}.Release|Any CPU.ActiveCfg = Release|Any CPU
		{A88D1500-D79D-4DD1-8FAE-6498C99CA627}.Release|Any CPU.Build.0 = Release|Any CPU
		{793C417D-8980-4BE6-807D-341EBE134031}.Debug|Any CPU.ActiveCfg = Debug|Any CPU
		{793C417D-8980-4BE6-807D-341EBE134031}.Debug|Any CPU.Build.0 = Debug|Any CPU
		{793C417D-8980-4BE6-807D-341EBE134031}.Release|Any CPU.ActiveCfg = Release|Any CPU
		{793C417D-8980-4BE6-807D-341EBE134031}.Release|Any CPU.Build.0 = Release|Any CPU
		{167D51AE-64CA-43C3-95E9-C891AEA423B5}.Debug|Any CPU.ActiveCfg = Debug|Any CPU
		{167D51AE-64CA-43C3-95E9-C891AEA423B5}.Debug|Any CPU.Build.0 = Debug|Any CPU
		{167D51AE-64CA-43C3-95E9-C891AEA423B5}.Release|Any CPU.ActiveCfg = Release|Any CPU
		{167D51AE-64CA-43C3-95E9-C891AEA423B5}.Release|Any CPU.Build.0 = Release|Any CPU
		{6C78A559-36DE-4E59-904D-231C4017BA5C}.Debug|Any CPU.ActiveCfg = Debug|Any CPU
		{6C78A559-36DE-4E59-904D-231C4017BA5C}.Debug|Any CPU.Build.0 = Debug|Any CPU
		{6C78A559-36DE-4E59-904D-231C4017BA5C}.Release|Any CPU.ActiveCfg = Release|Any CPU
		{6C78A559-36DE-4E59-904D-231C4017BA5C}.Release|Any CPU.Build.0 = Release|Any CPU
		{8AE38556-6222-4D46-95F3-5D1C1266557B}.Debug|Any CPU.ActiveCfg = Debug|Any CPU
		{8AE38556-6222-4D46-95F3-5D1C1266557B}.Debug|Any CPU.Build.0 = Debug|Any CPU
		{8AE38556-6222-4D46-95F3-5D1C1266557B}.Release|Any CPU.ActiveCfg = Release|Any CPU
		{8AE38556-6222-4D46-95F3-5D1C1266557B}.Release|Any CPU.Build.0 = Release|Any CPU
		{17D15C93-AE8D-44D6-AAFC-562A1277AEFE}.Debug|Any CPU.ActiveCfg = Debug|Any CPU
		{17D15C93-AE8D-44D6-AAFC-562A1277AEFE}.Debug|Any CPU.Build.0 = Debug|Any CPU
		{17D15C93-AE8D-44D6-AAFC-562A1277AEFE}.Release|Any CPU.ActiveCfg = Release|Any CPU
		{17D15C93-AE8D-44D6-AAFC-562A1277AEFE}.Release|Any CPU.Build.0 = Release|Any CPU
		{5F0AA025-F9BC-49D3-8730-AFC2CB983262}.Debug|Any CPU.ActiveCfg = Debug|Any CPU
		{5F0AA025-F9BC-49D3-8730-AFC2CB983262}.Debug|Any CPU.Build.0 = Debug|Any CPU
		{5F0AA025-F9BC-49D3-8730-AFC2CB983262}.Release|Any CPU.ActiveCfg = Release|Any CPU
		{5F0AA025-F9BC-49D3-8730-AFC2CB983262}.Release|Any CPU.Build.0 = Release|Any CPU
		{8AB3E2CE-1F03-4876-B1C2-A14231D41572}.Debug|Any CPU.ActiveCfg = Debug|Any CPU
		{8AB3E2CE-1F03-4876-B1C2-A14231D41572}.Debug|Any CPU.Build.0 = Debug|Any CPU
		{8AB3E2CE-1F03-4876-B1C2-A14231D41572}.Release|Any CPU.ActiveCfg = Release|Any CPU
		{8AB3E2CE-1F03-4876-B1C2-A14231D41572}.Release|Any CPU.Build.0 = Release|Any CPU
		{0682B288-876F-47C3-AC01-9E2060191EBE}.Debug|Any CPU.ActiveCfg = Debug|Any CPU
		{0682B288-876F-47C3-AC01-9E2060191EBE}.Debug|Any CPU.Build.0 = Debug|Any CPU
		{0682B288-876F-47C3-AC01-9E2060191EBE}.Release|Any CPU.ActiveCfg = Release|Any CPU
		{0682B288-876F-47C3-AC01-9E2060191EBE}.Release|Any CPU.Build.0 = Release|Any CPU
		{B7CCE817-B948-42B3-96FA-3AE59833C704}.Debug|Any CPU.ActiveCfg = Debug|Any CPU
		{B7CCE817-B948-42B3-96FA-3AE59833C704}.Debug|Any CPU.Build.0 = Debug|Any CPU
		{B7CCE817-B948-42B3-96FA-3AE59833C704}.Release|Any CPU.ActiveCfg = Release|Any CPU
		{B7CCE817-B948-42B3-96FA-3AE59833C704}.Release|Any CPU.Build.0 = Release|Any CPU
		{2D274E71-341A-47DA-963B-04BB7BF24781}.Debug|Any CPU.ActiveCfg = Debug|Any CPU
		{2D274E71-341A-47DA-963B-04BB7BF24781}.Debug|Any CPU.Build.0 = Debug|Any CPU
		{2D274E71-341A-47DA-963B-04BB7BF24781}.Release|Any CPU.ActiveCfg = Release|Any CPU
		{2D274E71-341A-47DA-963B-04BB7BF24781}.Release|Any CPU.Build.0 = Release|Any CPU
		{AA133A4A-0F58-47CD-B904-BBF8169B9637}.Debug|Any CPU.ActiveCfg = Debug|Any CPU
		{AA133A4A-0F58-47CD-B904-BBF8169B9637}.Debug|Any CPU.Build.0 = Debug|Any CPU
		{AA133A4A-0F58-47CD-B904-BBF8169B9637}.Release|Any CPU.ActiveCfg = Release|Any CPU
		{AA133A4A-0F58-47CD-B904-BBF8169B9637}.Release|Any CPU.Build.0 = Release|Any CPU
		{A99A56F7-95D7-4643-A5E8-1DE07F2B1F05}.Debug|Any CPU.ActiveCfg = Debug|Any CPU
		{A99A56F7-95D7-4643-A5E8-1DE07F2B1F05}.Debug|Any CPU.Build.0 = Debug|Any CPU
		{A99A56F7-95D7-4643-A5E8-1DE07F2B1F05}.Release|Any CPU.ActiveCfg = Release|Any CPU
		{A99A56F7-95D7-4643-A5E8-1DE07F2B1F05}.Release|Any CPU.Build.0 = Release|Any CPU
	EndGlobalSection
	GlobalSection(SolutionProperties) = preSolution
		HideSolutionNode = FALSE
	EndGlobalSection
	GlobalSection(ExtensibilityGlobals) = postSolution
		SolutionGuid = {0C3531D8-3E53-4C92-98F9-BB75E405F63D}
	EndGlobalSection
EndGlobal
